
Microsoft Visual Studio Solution File, Format Version 12.00
# Visual Studio Version 17
VisualStudioVersion = 17.2.32630.192
MinimumVisualStudioVersion = 10.0.40219.1
Project("{9A19103F-16F7-4668-BE54-9A1E7A4F7556}") = "LuceneNetRussianMorphology", "LuceneNetRussianMorphology\LuceneNetRussianMorphology.csproj", "{7E03874C-78F1-4474-B7BF-35FEBE2A8666}"
EndProject
Project("{FAE04EC0-301F-11D3-BF4B-00C04F79EFBC}") = "LuceneNetRussianMorphologyTest", "LuceneNetRussianMorphologyTest\LuceneNetRussianMorphologyTest.csproj", "{CC6D404D-021D-462A-8915-9F77CDB6A850}"
EndProject
Global
	GlobalSection(SolutionConfigurationPlatforms) = preSolution
		Debug|Any CPU = Debug|Any CPU
		Release|Any CPU = Release|Any CPU
	EndGlobalSection
	GlobalSection(ProjectConfigurationPlatforms) = postSolution
		{7E03874C-78F1-4474-B7BF-35FEBE2A8666}.Debug|Any CPU.ActiveCfg = Debug|Any CPU
		{7E03874C-78F1-4474-B7BF-35FEBE2A8666}.Debug|Any CPU.Build.0 = Debug|Any CPU
		{7E03874C-78F1-4474-B7BF-35FEBE2A8666}.Release|Any CPU.ActiveCfg = Release|Any CPU
		{7E03874C-78F1-4474-B7BF-35FEBE2A8666}.Release|Any CPU.Build.0 = Release|Any CPU
		{CC6D404D-021D-462A-8915-9F77CDB6A850}.Debug|Any CPU.ActiveCfg = Debug|Any CPU
		{CC6D404D-021D-462A-8915-9F77CDB6A850}.Debug|Any CPU.Build.0 = Debug|Any CPU
		{CC6D404D-021D-462A-8915-9F77CDB6A850}.Release|Any CPU.ActiveCfg = Release|Any CPU
		{CC6D404D-021D-462A-8915-9F77CDB6A850}.Release|Any CPU.Build.0 = Release|Any CPU
	EndGlobalSection
	GlobalSection(SolutionProperties) = preSolution
		HideSolutionNode = FALSE
	EndGlobalSection
	GlobalSection(ExtensibilityGlobals) = postSolution
		SolutionGuid = {F1E2A474-8100-4CF8-839A-C8AB9325B042}
	EndGlobalSection
EndGlobal
